// !$*UTF8*$!
{
	archiveVersion = 1;
	classes = {
	};
	objectVersion = 51;
	objects = {

/* Begin PBXBuildFile section */
		29B07E770BFA9F8CC5478679 /* Pods_DZ_455.framework in Frameworks */ = {isa = PBXBuildFile; fileRef = 7778AD263903BC1D305ADD28 /* Pods_DZ_455.framework */; };
		CEC91D32278D3AA2007BBB76 /* AppDelegate.swift in Sources */ = {isa = PBXBuildFile; fileRef = CEC91D31278D3AA2007BBB76 /* AppDelegate.swift */; };
		CEC91D34278D3AA2007BBB76 /* SceneDelegate.swift in Sources */ = {isa = PBXBuildFile; fileRef = CEC91D33278D3AA2007BBB76 /* SceneDelegate.swift */; };
		CEC91D36278D3AA2007BBB76 /* ViewController.swift in Sources */ = {isa = PBXBuildFile; fileRef = CEC91D35278D3AA2007BBB76 /* ViewController.swift */; };
		CEC91D39278D3AA2007BBB76 /* Main.storyboard in Resources */ = {isa = PBXBuildFile; fileRef = CEC91D37278D3AA2007BBB76 /* Main.storyboard */; };
		CEC91D3B278D3AA5007BBB76 /* Assets.xcassets in Resources */ = {isa = PBXBuildFile; fileRef = CEC91D3A278D3AA5007BBB76 /* Assets.xcassets */; };
		CEC91D3E278D3AA5007BBB76 /* LaunchScreen.storyboard in Resources */ = {isa = PBXBuildFile; fileRef = CEC91D3C278D3AA5007BBB76 /* LaunchScreen.storyboard */; };
		CEC91D46278D3B11007BBB76 /* ContactCell.swift in Sources */ = {isa = PBXBuildFile; fileRef = CEC91D45278D3B11007BBB76 /* ContactCell.swift */; };
		CEC91D48278D3B1F007BBB76 /* ContactModel.swift in Sources */ = {isa = PBXBuildFile; fileRef = CEC91D47278D3B1F007BBB76 /* ContactModel.swift */; };
		CEC91D4A278D43D1007BBB76 /* CustonButton.swift in Sources */ = {isa = PBXBuildFile; fileRef = CEC91D49278D43D1007BBB76 /* CustonButton.swift */; };
		CEC91D4C278D47B6007BBB76 /* AddContact.swift in Sources */ = {isa = PBXBuildFile; fileRef = CEC91D4B278D47B6007BBB76 /* AddContact.swift */; };
/* End PBXBuildFile section */

/* Begin PBXFileReference section */
		7778AD263903BC1D305ADD28 /* Pods_DZ_455.framework */ = {isa = PBXFileReference; explicitFileType = wrapper.framework; includeInIndex = 0; path = Pods_DZ_455.framework; sourceTree = BUILT_PRODUCTS_DIR; };
		7AB3D82FF8E285CD0BFA320B /* Pods-DZ-455.release.xcconfig */ = {isa = PBXFileReference; includeInIndex = 1; lastKnownFileType = text.xcconfig; name = "Pods-DZ-455.release.xcconfig"; path = "Target Support Files/Pods-DZ-455/Pods-DZ-455.release.xcconfig"; sourceTree = "<group>"; };
		B6A2B16A4359A53ED112E2CD /* Pods-DZ-455.debug.xcconfig */ = {isa = PBXFileReference; includeInIndex = 1; lastKnownFileType = text.xcconfig; name = "Pods-DZ-455.debug.xcconfig"; path = "Target Support Files/Pods-DZ-455/Pods-DZ-455.debug.xcconfig"; sourceTree = "<group>"; };
		CEC91D2E278D3AA2007BBB76 /* DZ-455.app */ = {isa = PBXFileReference; explicitFileType = wrapper.application; includeInIndex = 0; path = "DZ-455.app"; sourceTree = BUILT_PRODUCTS_DIR; };
		CEC91D31278D3AA2007BBB76 /* AppDelegate.swift */ = {isa = PBXFileReference; lastKnownFileType = sourcecode.swift; path = AppDelegate.swift; sourceTree = "<group>"; };
		CEC91D33278D3AA2007BBB76 /* SceneDelegate.swift */ = {isa = PBXFileReference; lastKnownFileType = sourcecode.swift; path = SceneDelegate.swift; sourceTree = "<group>"; };
		CEC91D35278D3AA2007BBB76 /* ViewController.swift */ = {isa = PBXFileReference; lastKnownFileType = sourcecode.swift; path = ViewController.swift; sourceTree = "<group>"; };
		CEC91D38278D3AA2007BBB76 /* Base */ = {isa = PBXFileReference; lastKnownFileType = file.storyboard; name = Base; path = Base.lproj/Main.storyboard; sourceTree = "<group>"; };
		CEC91D3A278D3AA5007BBB76 /* Assets.xcassets */ = {isa = PBXFileReference; lastKnownFileType = folder.assetcatalog; path = Assets.xcassets; sourceTree = "<group>"; };
		CEC91D3D278D3AA5007BBB76 /* Base */ = {isa = PBXFileReference; lastKnownFileType = file.storyboard; name = Base; path = Base.lproj/LaunchScreen.storyboard; sourceTree = "<group>"; };
		CEC91D3F278D3AA5007BBB76 /* Info.plist */ = {isa = PBXFileReference; lastKnownFileType = text.plist.xml; path = Info.plist; sourceTree = "<group>"; };
		CEC91D45278D3B11007BBB76 /* ContactCell.swift */ = {isa = PBXFileReference; lastKnownFileType = sourcecode.swift; path = ContactCell.swift; sourceTree = "<group>"; };
		CEC91D47278D3B1F007BBB76 /* ContactModel.swift */ = {isa = PBXFileReference; lastKnownFileType = sourcecode.swift; path = ContactModel.swift; sourceTree = "<group>"; };
		CEC91D49278D43D1007BBB76 /* CustonButton.swift */ = {isa = PBXFileReference; lastKnownFileType = sourcecode.swift; path = CustonButton.swift; sourceTree = "<group>"; };
		CEC91D4B278D47B6007BBB76 /* AddContact.swift */ = {isa = PBXFileReference; lastKnownFileType = sourcecode.swift; path = AddContact.swift; sourceTree = "<group>"; };
/* End PBXFileReference section */

/* Begin PBXFrameworksBuildPhase section */
		CEC91D2B278D3AA2007BBB76 /* Frameworks */ = {
			isa = PBXFrameworksBuildPhase;
			buildActionMask = 2147483647;
			files = (
				29B07E770BFA9F8CC5478679 /* Pods_DZ_455.framework in Frameworks */,
			);
			runOnlyForDeploymentPostprocessing = 0;
		};
/* End PBXFrameworksBuildPhase section */

/* Begin PBXGroup section */
		5A4081CB2C2200DE48E82186 /* Frameworks */ = {
			isa = PBXGroup;
			children = (
				7778AD263903BC1D305ADD28 /* Pods_DZ_455.framework */,
			);
			name = Frameworks;
			sourceTree = "<group>";
		};
		9772DFB179F6718199654D11 /* Pods */ = {
			isa = PBXGroup;
			children = (
				B6A2B16A4359A53ED112E2CD /* Pods-DZ-455.debug.xcconfig */,
				7AB3D82FF8E285CD0BFA320B /* Pods-DZ-455.release.xcconfig */,
			);
			path = Pods;
			sourceTree = "<group>";
		};
		CEC91D25278D3AA2007BBB76 = {
			isa = PBXGroup;
			children = (
				CEC91D30278D3AA2007BBB76 /* DZ-455 */,
				CEC91D2F278D3AA2007BBB76 /* Products */,
				9772DFB179F6718199654D11 /* Pods */,
				5A4081CB2C2200DE48E82186 /* Frameworks */,
			);
			sourceTree = "<group>";
		};
		CEC91D2F278D3AA2007BBB76 /* Products */ = {
			isa = PBXGroup;
			children = (
				CEC91D2E278D3AA2007BBB76 /* DZ-455.app */,
			);
			name = Products;
			sourceTree = "<group>";
		};
		CEC91D30278D3AA2007BBB76 /* DZ-455 */ = {
			isa = PBXGroup;
			children = (
				CEC91D31278D3AA2007BBB76 /* AppDelegate.swift */,
				CEC91D33278D3AA2007BBB76 /* SceneDelegate.swift */,
				CEC91D35278D3AA2007BBB76 /* ViewController.swift */,
				CEC91D37278D3AA2007BBB76 /* Main.storyboard */,
				CEC91D3A278D3AA5007BBB76 /* Assets.xcassets */,
				CEC91D3C278D3AA5007BBB76 /* LaunchScreen.storyboard */,
				CEC91D3F278D3AA5007BBB76 /* Info.plist */,
				CEC91D45278D3B11007BBB76 /* ContactCell.swift */,
				CEC91D47278D3B1F007BBB76 /* ContactModel.swift */,
				CEC91D49278D43D1007BBB76 /* CustonButton.swift */,
				CEC91D4B278D47B6007BBB76 /* AddContact.swift */,
			);
			path = "DZ-455";
			sourceTree = "<group>";
		};
/* End PBXGroup section */

/* Begin PBXNativeTarget section */
		CEC91D2D278D3AA2007BBB76 /* DZ-455 */ = {
			isa = PBXNativeTarget;
			buildConfigurationList = CEC91D42278D3AA5007BBB76 /* Build configuration list for PBXNativeTarget "DZ-455" */;
			buildPhases = (
				CF158D333E62566CF57182CB /* [CP] Check Pods Manifest.lock */,
				CEC91D2A278D3AA2007BBB76 /* Sources */,
				CEC91D2B278D3AA2007BBB76 /* Frameworks */,
				CEC91D2C278D3AA2007BBB76 /* Resources */,
				CB3B05134F9240B5EEA5CD2D /* [CP] Embed Pods Frameworks */,
			);
			buildRules = (
			);
			dependencies = (
			);
			name = "DZ-455";
			productName = "DZ-455";
			productReference = CEC91D2E278D3AA2007BBB76 /* DZ-455.app */;
			productType = "com.apple.product-type.application";
		};
/* End PBXNativeTarget section */

/* Begin PBXProject section */
		CEC91D26278D3AA2007BBB76 /* Project object */ = {
			isa = PBXProject;
			attributes = {
				LastSwiftUpdateCheck = 1250;
				LastUpgradeCheck = 1250;
				TargetAttributes = {
					CEC91D2D278D3AA2007BBB76 = {
						CreatedOnToolsVersion = 12.5;
					};
				};
			};
			buildConfigurationList = CEC91D29278D3AA2007BBB76 /* Build configuration list for PBXProject "DZ-455" */;
			compatibilityVersion = "Xcode 9.3";
			developmentRegion = en;
			hasScannedForEncodings = 0;
			knownRegions = (
				en,
				Base,
			);
			mainGroup = CEC91D25278D3AA2007BBB76;
			productRefGroup = CEC91D2F278D3AA2007BBB76 /* Products */;
			projectDirPath = "";
			projectRoot = "";
			targets = (
				CEC91D2D278D3AA2007BBB76 /* DZ-455 */,
			);
		};
/* End PBXProject section */

/* Begin PBXResourcesBuildPhase section */
		CEC91D2C278D3AA2007BBB76 /* Resources */ = {
			isa = PBXResourcesBuildPhase;
			buildActionMask = 2147483647;
			files = (
				CEC91D3E278D3AA5007BBB76 /* LaunchScreen.storyboard in Resources */,
				CEC91D3B278D3AA5007BBB76 /* Assets.xcassets in Resources */,
				CEC91D39278D3AA2007BBB76 /* Main.storyboard in Resources */,
			);
			runOnlyForDeploymentPostprocessing = 0;
		};
/* End PBXResourcesBuildPhase section */

/* Begin PBXShellScriptBuildPhase section */
		CB3B05134F9240B5EEA5CD2D /* [CP] Embed Pods Frameworks */ = {
			isa = PBXShellScriptBuildPhase;
			buildActionMask = 2147483647;
			files = (
			);
			inputFileListPaths = (
				"${PODS_ROOT}/Target Support Files/Pods-DZ-455/Pods-DZ-455-frameworks-${CONFIGURATION}-input-files.xcfilelist",
			);
			name = "[CP] Embed Pods Frameworks";
			outputFileListPaths = (
				"${PODS_ROOT}/Target Support Files/Pods-DZ-455/Pods-DZ-455-frameworks-${CONFIGURATION}-output-files.xcfilelist",
			);
			runOnlyForDeploymentPostprocessing = 0;
			shellPath = /bin/sh;
			shellScript = "\"${PODS_ROOT}/Target Support Files/Pods-DZ-455/Pods-DZ-455-frameworks.sh\"\n";
			showEnvVarsInLog = 0;
		};
		CF158D333E62566CF57182CB /* [CP] Check Pods Manifest.lock */ = {
			isa = PBXShellScriptBuildPhase;
			buildActionMask = 2147483647;
			files = (
			);
			inputFileListPaths = (
			);
			inputPaths = (
				"${PODS_PODFILE_DIR_PATH}/Podfile.lock",
				"${PODS_ROOT}/Manifest.lock",
			);
			name = "[CP] Check Pods Manifest.lock";
			outputFileListPaths = (
			);
			outputPaths = (
				"$(DERIVED_FILE_DIR)/Pods-DZ-455-checkManifestLockResult.txt",
			);
			runOnlyForDeploymentPostprocessing = 0;
			shellPath = /bin/sh;
			shellScript = "diff \"${PODS_PODFILE_DIR_PATH}/Podfile.lock\" \"${PODS_ROOT}/Manifest.lock\" > /dev/null\nif [ $? != 0 ] ; then\n    # print error to STDERR\n    echo \"error: The sandbox is not in sync with the Podfile.lock. Run 'pod install' or update your CocoaPods installation.\" >&2\n    exit 1\nfi\n# This output is used by Xcode 'outputs' to avoid re-running this script phase.\necho \"SUCCESS\" > \"${SCRIPT_OUTPUT_FILE_0}\"\n";
			showEnvVarsInLog = 0;
		};
/* End PBXShellScriptBuildPhase section */

/* Begin PBXSourcesBuildPhase section */
		CEC91D2A278D3AA2007BBB76 /* Sources */ = {
			isa = PBXSourcesBuildPhase;
			buildActionMask = 2147483647;
			files = (
				CEC91D36278D3AA2007BBB76 /* ViewController.swift in Sources */,
				CEC91D4C278D47B6007BBB76 /* AddContact.swift in Sources */,
				CEC91D32278D3AA2007BBB76 /* AppDelegate.swift in Sources */,
				CEC91D46278D3B11007BBB76 /* ContactCell.swift in Sources */,
				CEC91D4A278D43D1007BBB76 /* CustonButton.swift in Sources */,
				CEC91D34278D3AA2007BBB76 /* SceneDelegate.swift in Sources */,
				CEC91D48278D3B1F007BBB76 /* ContactModel.swift in Sources */,
			);
			runOnlyForDeploymentPostprocessing = 0;
		};
/* End PBXSourcesBuildPhase section */

/* Begin PBXVariantGroup section */
		CEC91D37278D3AA2007BBB76 /* Main.storyboard */ = {
			isa = PBXVariantGroup;
			children = (
				CEC91D38278D3AA2007BBB76 /* Base */,
			);
			name = Main.storyboard;
			sourceTree = "<group>";
		};
		CEC91D3C278D3AA5007BBB76 /* LaunchScreen.storyboard */ = {
			isa = PBXVariantGroup;
			children = (
				CEC91D3D278D3AA5007BBB76 /* Base */,
			);
			name = LaunchScreen.storyboard;
			sourceTree = "<group>";
		};
/* End PBXVariantGroup section */

/* Begin XCBuildConfiguration section */
		CEC91D40278D3AA5007BBB76 /* Debug */ = {
			isa = XCBuildConfiguration;
			buildSettings = {
				ALWAYS_SEARCH_USER_PATHS = NO;
				CLANG_ANALYZER_NONNULL = YES;
				CLANG_ANALYZER_NUMBER_OBJECT_CONVERSION = YES_AGGRESSIVE;
				CLANG_CXX_LANGUAGE_STANDARD = "gnu++14";
				CLANG_CXX_LIBRARY = "libc++";
				CLANG_ENABLE_MODULES = YES;
				CLANG_ENABLE_OBJC_ARC = YES;
				CLANG_ENABLE_OBJC_WEAK = YES;
				CLANG_WARN_BLOCK_CAPTURE_AUTORELEASING = YES;
				CLANG_WARN_BOOL_CONVERSION = YES;
				CLANG_WARN_COMMA = YES;
				CLANG_WARN_CONSTANT_CONVERSION = YES;
				CLANG_WARN_DEPRECATED_OBJC_IMPLEMENTATIONS = YES;
				CLANG_WARN_DIRECT_OBJC_ISA_USAGE = YES_ERROR;
				CLANG_WARN_DOCUMENTATION_COMMENTS = YES;
				CLANG_WARN_EMPTY_BODY = YES;
				CLANG_WARN_ENUM_CONVERSION = YES;
				CLANG_WARN_INFINITE_RECURSION = YES;
				CLANG_WARN_INT_CONVERSION = YES;
				CLANG_WARN_NON_LITERAL_NULL_CONVERSION = YES;
				CLANG_WARN_OBJC_IMPLICIT_RETAIN_SELF = YES;
				CLANG_WARN_OBJC_LITERAL_CONVERSION = YES;
				CLANG_WARN_OBJC_ROOT_CLASS = YES_ERROR;
				CLANG_WARN_QUOTED_INCLUDE_IN_FRAMEWORK_HEADER = YES;
				CLANG_WARN_RANGE_LOOP_ANALYSIS = YES;
				CLANG_WARN_STRICT_PROTOTYPES = YES;
				CLANG_WARN_SUSPICIOUS_MOVE = YES;
				CLANG_WARN_UNGUARDED_AVAILABILITY = YES_AGGRESSIVE;
				CLANG_WARN_UNREACHABLE_CODE = YES;
				CLANG_WARN__DUPLICATE_METHOD_MATCH = YES;
				COPY_PHASE_STRIP = NO;
				DEBUG_INFORMATION_FORMAT = dwarf;
				ENABLE_STRICT_OBJC_MSGSEND = YES;
				ENABLE_TESTABILITY = YES;
				GCC_C_LANGUAGE_STANDARD = gnu11;
				GCC_DYNAMIC_NO_PIC = NO;
				GCC_NO_COMMON_BLOCKS = YES;
				GCC_OPTIMIZATION_LEVEL = 0;
				GCC_PREPROCESSOR_DEFINITIONS = (
					"DEBUG=1",
					"$(inherited)",
				);
				GCC_WARN_64_TO_32_BIT_CONVERSION = YES;
				GCC_WARN_ABOUT_RETURN_TYPE = YES_ERROR;
				GCC_WARN_UNDECLARED_SELECTOR = YES;
				GCC_WARN_UNINITIALIZED_AUTOS = YES_AGGRESSIVE;
				GCC_WARN_UNUSED_FUNCTION = YES;
				GCC_WARN_UNUSED_VARIABLE = YES;
				IPHONEOS_DEPLOYMENT_TARGET = 14.5;
				MTL_ENABLE_DEBUG_INFO = INCLUDE_SOURCE;
				MTL_FAST_MATH = YES;
				ONLY_ACTIVE_ARCH = YES;
				SDKROOT = iphoneos;
				SWIFT_ACTIVE_COMPILATION_CONDITIONS = DEBUG;
				SWIFT_OPTIMIZATION_LEVEL = "-Onone";
			};
			name = Debug;
		};
		CEC91D41278D3AA5007BBB76 /* Release */ = {
			isa = XCBuildConfiguration;
			buildSettings = {
				ALWAYS_SEARCH_USER_PATHS = NO;
				CLANG_ANALYZER_NONNULL = YES;
				CLANG_ANALYZER_NUMBER_OBJECT_CONVERSION = YES_AGGRESSIVE;
				CLANG_CXX_LANGUAGE_STANDARD = "gnu++14";
				CLANG_CXX_LIBRARY = "libc++";
				CLANG_ENABLE_MODULES = YES;
				CLANG_ENABLE_OBJC_ARC = YES;
				CLANG_ENABLE_OBJC_WEAK = YES;
				CLANG_WARN_BLOCK_CAPTURE_AUTORELEASING = YES;
				CLANG_WARN_BOOL_CONVERSION = YES;
				CLANG_WARN_COMMA = YES;
				CLANG_WARN_CONSTANT_CONVERSION = YES;
				CLANG_WARN_DEPRECATED_OBJC_IMPLEMENTATIONS = YES;
				CLANG_WARN_DIRECT_OBJC_ISA_USAGE = YES_ERROR;
				CLANG_WARN_DOCUMENTATION_COMMENTS = YES;
				CLANG_WARN_EMPTY_BODY = YES;
				CLANG_WARN_ENUM_CONVERSION = YES;
				CLANG_WARN_INFINITE_RECURSION = YES;
				CLANG_WARN_INT_CONVERSION = YES;
				CLANG_WARN_NON_LITERAL_NULL_CONVERSION = YES;
				CLANG_WARN_OBJC_IMPLICIT_RETAIN_SELF = YES;
				CLANG_WARN_OBJC_LITERAL_CONVERSION = YES;
				CLANG_WARN_OBJC_ROOT_CLASS = YES_ERROR;
				CLANG_WARN_QUOTED_INCLUDE_IN_FRAMEWORK_HEADER = YES;
				CLANG_WARN_RANGE_LOOP_ANALYSIS = YES;
				CLANG_WARN_STRICT_PROTOTYPES = YES;
				CLANG_WARN_SUSPICIOUS_MOVE = YES;
				CLANG_WARN_UNGUARDED_AVAILABILITY = YES_AGGRESSIVE;
				CLANG_WARN_UNREACHABLE_CODE = YES;
				CLANG_WARN__DUPLICATE_METHOD_MATCH = YES;
				COPY_PHASE_STRIP = NO;
				DEBUG_INFORMATION_FORMAT = "dwarf-with-dsym";
				ENABLE_NS_ASSERTIONS = NO;
				ENABLE_STRICT_OBJC_MSGSEND = YES;
				GCC_C_LANGUAGE_STANDARD = gnu11;
				GCC_NO_COMMON_BLOCKS = YES;
				GCC_WARN_64_TO_32_BIT_CONVERSION = YES;
				GCC_WARN_ABOUT_RETURN_TYPE = YES_ERROR;
				GCC_WARN_UNDECLARED_SELECTOR = YES;
				GCC_WARN_UNINITIALIZED_AUTOS = YES_AGGRESSIVE;
				GCC_WARN_UNUSED_FUNCTION = YES;
				GCC_WARN_UNUSED_VARIABLE = YES;
				IPHONEOS_DEPLOYMENT_TARGET = 14.5;
				MTL_ENABLE_DEBUG_INFO = NO;
				MTL_FAST_MATH = YES;
				SDKROOT = iphoneos;
				SWIFT_COMPILATION_MODE = wholemodule;
				SWIFT_OPTIMIZATION_LEVEL = "-O";
				VALIDATE_PRODUCT = YES;
			};
			name = Release;
		};
		CEC91D43278D3AA5007BBB76 /* Debug */ = {
			isa = XCBuildConfiguration;
			baseConfigurationReference = B6A2B16A4359A53ED112E2CD /* Pods-DZ-455.debug.xcconfig */;
			buildSettings = {
				ASSETCATALOG_COMPILER_APPICON_NAME = AppIcon;
				ASSETCATALOG_COMPILER_GLOBAL_ACCENT_COLOR_NAME = AccentColor;
				CODE_SIGN_STYLE = Automatic;
				INFOPLIST_FILE = "DZ-455/Info.plist";
				LD_RUNPATH_SEARCH_PATHS = (
					"$(inherited)",
					"@executable_path/Frameworks",
				);
				PRODUCT_BUNDLE_IDENTIFIER = "Ainur.DZ-455";
				PRODUCT_NAME = "$(TARGET_NAME)";
				SWIFT_VERSION = 5.0;
				TARGETED_DEVICE_FAMILY = "1,2";
			};
			name = Debug;
		};
		CEC91D44278D3AA5007BBB76 /* Release */ = {
			isa = XCBuildConfiguration;
			baseConfigurationReference = 7AB3D82FF8E285CD0BFA320B /* Pods-DZ-455.release.xcconfig */;
			buildSettings = {
				ASSETCATALOG_COMPILER_APPICON_NAME = AppIcon;
				ASSETCATALOG_COMPILER_GLOBAL_ACCENT_COLOR_NAME = AccentColor;
				CODE_SIGN_STYLE = Automatic;
				INFOPLIST_FILE = "DZ-455/Info.plist";
				LD_RUNPATH_SEARCH_PATHS = (
					"$(inherited)",
					"@executable_path/Frameworks",
				);
				PRODUCT_BUNDLE_IDENTIFIER = "Ainur.DZ-455";
				PRODUCT_NAME = "$(TARGET_NAME)";
				SWIFT_VERSION = 5.0;
				TARGETED_DEVICE_FAMILY = "1,2";
			};
			name = Release;
		};
/* End XCBuildConfiguration section */

/* Begin XCConfigurationList section */
		CEC91D29278D3AA2007BBB76 /* Build configuration list for PBXProject "DZ-455" */ = {
			isa = XCConfigurationList;
			buildConfigurations = (
				CEC91D40278D3AA5007BBB76 /* Debug */,
				CEC91D41278D3AA5007BBB76 /* Release */,
			);
			defaultConfigurationIsVisible = 0;
			defaultConfigurationName = Release;
		};
		CEC91D42278D3AA5007BBB76 /* Build configuration list for PBXNativeTarget "DZ-455" */ = {
			isa = XCConfigurationList;
			buildConfigurations = (
				CEC91D43278D3AA5007BBB76 /* Debug */,
				CEC91D44278D3AA5007BBB76 /* Release */,
			);
			defaultConfigurationIsVisible = 0;
			defaultConfigurationName = Release;
		};
/* End XCConfigurationList section */
	};
	rootObject = CEC91D26278D3AA2007BBB76 /* Project object */;
}
